
Microsoft Visual Studio Solution File, Format Version 12.00
# Visual Studio 15
VisualStudioVersion = 15.0.26730.16
MinimumVisualStudioVersion = 10.0.40219.1
Project("{FAE04EC0-301F-11D3-BF4B-00C04F79EFBC}") = "1. MatchFullName", "1. MatchFullName\1. MatchFullName.csproj", "{19F5F003-26AB-4EA6-BB5D-D31B0E5A7D9B}"
EndProject
Project("{FAE04EC0-301F-11D3-BF4B-00C04F79EFBC}") = "2. MatchPhoneNumber", "2. MatchPhoneNumber\2. MatchPhoneNumber.csproj", "{4A597513-1330-451D-ADED-C636CA3D500B}"
EndProject
Project("{FAE04EC0-301F-11D3-BF4B-00C04F79EFBC}") = "3. MatchHexadecimalNumbers", "3. MatchHexadecimalNumbers\3. MatchHexadecimalNumbers.csproj", "{C406A504-B338-4E71-A672-54A65F55C3C8}"
EndProject
Project("{FAE04EC0-301F-11D3-BF4B-00C04F79EFBC}") = "4. MatchDates", "4. MatchDates\4. MatchDates.csproj", "{329B5D65-CD90-40F4-9C3B-244CA04CC8CD}"
EndProject
Project("{FAE04EC0-301F-11D3-BF4B-00C04F79EFBC}") = "5. MatchNumbers", "5. MatchNumbers\5. MatchNumbers.csproj", "{21520713-3033-4512-BAED-D2C68D3056FA}"
EndProject
Project("{FAE04EC0-301F-11D3-BF4B-00C04F79EFBC}") = "6. ReplaceATag", "6. ReplaceATag\6. ReplaceATag.csproj", "{5BCA0CFE-DFC3-497C-8C72-F72F8EBDA7A2}"
EndProject
Global
	GlobalSection(SolutionConfigurationPlatforms) = preSolution
		Debug|Any CPU = Debug|Any CPU
		Release|Any CPU = Release|Any CPU
	EndGlobalSection
	GlobalSection(ProjectConfigurationPlatforms) = postSolution
		{19F5F003-26AB-4EA6-BB5D-D31B0E5A7D9B}.Debug|Any CPU.ActiveCfg = Debug|Any CPU
		{19F5F003-26AB-4EA6-BB5D-D31B0E5A7D9B}.Debug|Any CPU.Build.0 = Debug|Any CPU
		{19F5F003-26AB-4EA6-BB5D-D31B0E5A7D9B}.Release|Any CPU.ActiveCfg = Release|Any CPU
		{19F5F003-26AB-4EA6-BB5D-D31B0E5A7D9B}.Release|Any CPU.Build.0 = Release|Any CPU
		{4A597513-1330-451D-ADED-C636CA3D500B}.Debug|Any CPU.ActiveCfg = Debug|Any CPU
		{4A597513-1330-451D-ADED-C636CA3D500B}.Debug|Any CPU.Build.0 = Debug|Any CPU
		{4A597513-1330-451D-ADED-C636CA3D500B}.Release|Any CPU.ActiveCfg = Release|Any CPU
		{4A597513-1330-451D-ADED-C636CA3D500B}.Release|Any CPU.Build.0 = Release|Any CPU
		{C406A504-B338-4E71-A672-54A65F55C3C8}.Debug|Any CPU.ActiveCfg = Debug|Any CPU
		{C406A504-B338-4E71-A672-54A65F55C3C8}.Debug|Any CPU.Build.0 = Debug|Any CPU
		{C406A504-B338-4E71-A672-54A65F55C3C8}.Release|Any CPU.ActiveCfg = Release|Any CPU
		{C406A504-B338-4E71-A672-54A65F55C3C8}.Release|Any CPU.Build.0 = Release|Any CPU
		{329B5D65-CD90-40F4-9C3B-244CA04CC8CD}.Debug|Any CPU.ActiveCfg = Debug|Any CPU
		{329B5D65-CD90-40F4-9C3B-244CA04CC8CD}.Debug|Any CPU.Build.0 = Debug|Any CPU
		{329B5D65-CD90-40F4-9C3B-244CA04CC8CD}.Release|Any CPU.ActiveCfg = Release|Any CPU
		{329B5D65-CD90-40F4-9C3B-244CA04CC8CD}.Release|Any CPU.Build.0 = Release|Any CPU
		{21520713-3033-4512-BAED-D2C68D3056FA}.Debug|Any CPU.ActiveCfg = Debug|Any CPU
		{21520713-3033-4512-BAED-D2C68D3056FA}.Debug|Any CPU.Build.0 = Debug|Any CPU
		{21520713-3033-4512-BAED-D2C68D3056FA}.Release|Any CPU.ActiveCfg = Release|Any CPU
		{21520713-3033-4512-BAED-D2C68D3056FA}.Release|Any CPU.Build.0 = Release|Any CPU
		{5BCA0CFE-DFC3-497C-8C72-F72F8EBDA7A2}.Debug|Any CPU.ActiveCfg = Debug|Any CPU
		{5BCA0CFE-DFC3-497C-8C72-F72F8EBDA7A2}.Debug|Any CPU.Build.0 = Debug|Any CPU
		{5BCA0CFE-DFC3-497C-8C72-F72F8EBDA7A2}.Release|Any CPU.ActiveCfg = Release|Any CPU
		{5BCA0CFE-DFC3-497C-8C72-F72F8EBDA7A2}.Release|Any CPU.Build.0 = Release|Any CPU
	EndGlobalSection
	GlobalSection(SolutionProperties) = preSolution
		HideSolutionNode = FALSE
	EndGlobalSection
	GlobalSection(ExtensibilityGlobals) = postSolution
		SolutionGuid = {5DB67C01-574A-4ABB-A6E9-3321ADEEC99A}
	EndGlobalSection
EndGlobal
