
Microsoft Visual Studio Solution File, Format Version 12.00
# Visual Studio 15
VisualStudioVersion = 15.0.26730.16
MinimumVisualStudioVersion = 10.0.40219.1
Project("{FAE04EC0-301F-11D3-BF4B-00C04F79EFBC}") = "7. exchangeVariableNames", "1. Practice Integers\7. exchangeVariableNames.csproj", "{74BBF576-EAD9-412E-97BC-3F043E2D5648}"
EndProject
Project("{FAE04EC0-301F-11D3-BF4B-00C04F79EFBC}") = "1. practiceIntegers", "1. practiceIntegers\1. practiceIntegers.csproj", "{C0EA388D-F6C9-4F72-9B1A-010FCA455221}"
EndProject
Project("{FAE04EC0-301F-11D3-BF4B-00C04F79EFBC}") = "2. practiceFloatingPointNumbers", "2. practiceFloatingPointNumbers\2. practiceFloatingPointNumbers.csproj", "{0A70F0C3-F11F-4C09-B174-52A362B8B6F2}"
EndProject
Project("{FAE04EC0-301F-11D3-BF4B-00C04F79EFBC}") = "3. practiceCharsAndStrings", "3. practiceCharsAndStrings\3. practiceCharsAndStrings.csproj", "{37CBEE08-1470-4C0B-A5F6-DCFCAEDD22B9}"
EndProject
Project("{FAE04EC0-301F-11D3-BF4B-00C04F79EFBC}") = "4. variableInHexidecimalFormat", "4. variableInHexidecimalFormat\4. variableInHexidecimalFormat.csproj", "{52C41969-9C9D-4263-8FE7-226FCFBEC16A}"
EndProject
Project("{FAE04EC0-301F-11D3-BF4B-00C04F79EFBC}") = "5. booleanVariable", "5. booleanVariable\5. booleanVariable.csproj", "{0AAE5F9B-50F7-4D41-8DCB-220E8C7531C7}"
EndProject
Project("{FAE04EC0-301F-11D3-BF4B-00C04F79EFBC}") = "6. stringsAndObjects", "6. stringsAndObjects\6. stringsAndObjects.csproj", "{D15DE82A-BE07-4764-B3CE-3CAD574D906B}"
EndProject
Project("{FAE04EC0-301F-11D3-BF4B-00C04F79EFBC}") = "8. employeeData", "8. employeeData\8. employeeData.csproj", "{D7103804-2CB4-4B71-9B90-23C1F2DC9BDC}"
EndProject
Project("{FAE04EC0-301F-11D3-BF4B-00C04F79EFBC}") = "9. reversedChars", "9. reversedChars\9. reversedChars.csproj", "{2FEBE788-3ED1-42ED-BD27-157CCF88D752}"
EndProject
Project("{FAE04EC0-301F-11D3-BF4B-00C04F79EFBC}") = "10. centuriesToNanoseconds", "10. centuriesToNanoseconds\10. centuriesToNanoseconds.csproj", "{781C2CD4-C187-45C5-8F28-ECD598CB9265}"
EndProject
Project("{FAE04EC0-301F-11D3-BF4B-00C04F79EFBC}") = "11. convertSpeedUnits", "11. convertSpeedUnits\11. convertSpeedUnits.csproj", "{55D4FC2F-E776-4888-9421-4BC4CC70634A}"
EndProject
Project("{FAE04EC0-301F-11D3-BF4B-00C04F79EFBC}") = "12. rectangleProperties", "12. rectangleProperties\12. rectangleProperties.csproj", "{C4C55E03-92CE-4695-AC10-30417DE081B8}"
EndProject
Project("{FAE04EC0-301F-11D3-BF4B-00C04F79EFBC}") = "13. vowelOrDigit", "13\13. vowelOrDigit.csproj", "{A34A7898-629E-4AD5-B398-3B0703685F87}"
EndProject
Project("{FAE04EC0-301F-11D3-BF4B-00C04F79EFBC}") = "14. integerToHexAndBinary", "14. integerToHexAndBinary\14. integerToHexAndBinary.csproj", "{A0506E11-8E5E-4CE8-A2C8-75B3A957659B}"
EndProject
Project("{FAE04EC0-301F-11D3-BF4B-00C04F79EFBC}") = "15. fastPrimeChecker", "15. fastPrimeChecker\15. fastPrimeChecker.csproj", "{DDD65D59-052B-49C6-B333-9713C2E1CBAB}"
EndProject
Project("{FAE04EC0-301F-11D3-BF4B-00C04F79EFBC}") = "16. comparingFloats", "16. comparingFloats\16. comparingFloats.csproj", "{2220994A-02CD-4F07-9A4F-A1E6F87B70CA}"
EndProject
Project("{FAE04EC0-301F-11D3-BF4B-00C04F79EFBC}") = "17. printPartOfASCIITable", "17. printPartOfASCIITable\17. printPartOfASCIITable.csproj", "{DC82BE62-3DC2-4E63-84FD-8012D11774B3}"
EndProject
Project("{FAE04EC0-301F-11D3-BF4B-00C04F79EFBC}") = "18. differentIntegersSize", "18. differentIntegersSize\18. differentIntegersSize.csproj", "{F318CAFD-985E-4638-9F23-A71C31E5E3A8}"
EndProject
Project("{FAE04EC0-301F-11D3-BF4B-00C04F79EFBC}") = "19. theaThePhotographer", "19. theaThePhotographer\19. theaThePhotographer.csproj", "{D2764FE7-8E6B-42CD-B358-1D7B9117B479}"
EndProject
Global
	GlobalSection(SolutionConfigurationPlatforms) = preSolution
		Debug|Any CPU = Debug|Any CPU
		Release|Any CPU = Release|Any CPU
	EndGlobalSection
	GlobalSection(ProjectConfigurationPlatforms) = postSolution
		{74BBF576-EAD9-412E-97BC-3F043E2D5648}.Debug|Any CPU.ActiveCfg = Debug|Any CPU
		{74BBF576-EAD9-412E-97BC-3F043E2D5648}.Debug|Any CPU.Build.0 = Debug|Any CPU
		{74BBF576-EAD9-412E-97BC-3F043E2D5648}.Release|Any CPU.ActiveCfg = Release|Any CPU
		{74BBF576-EAD9-412E-97BC-3F043E2D5648}.Release|Any CPU.Build.0 = Release|Any CPU
		{C0EA388D-F6C9-4F72-9B1A-010FCA455221}.Debug|Any CPU.ActiveCfg = Debug|Any CPU
		{C0EA388D-F6C9-4F72-9B1A-010FCA455221}.Debug|Any CPU.Build.0 = Debug|Any CPU
		{C0EA388D-F6C9-4F72-9B1A-010FCA455221}.Release|Any CPU.ActiveCfg = Release|Any CPU
		{C0EA388D-F6C9-4F72-9B1A-010FCA455221}.Release|Any CPU.Build.0 = Release|Any CPU
		{0A70F0C3-F11F-4C09-B174-52A362B8B6F2}.Debug|Any CPU.ActiveCfg = Debug|Any CPU
		{0A70F0C3-F11F-4C09-B174-52A362B8B6F2}.Debug|Any CPU.Build.0 = Debug|Any CPU
		{0A70F0C3-F11F-4C09-B174-52A362B8B6F2}.Release|Any CPU.ActiveCfg = Release|Any CPU
		{0A70F0C3-F11F-4C09-B174-52A362B8B6F2}.Release|Any CPU.Build.0 = Release|Any CPU
		{37CBEE08-1470-4C0B-A5F6-DCFCAEDD22B9}.Debug|Any CPU.ActiveCfg = Debug|Any CPU
		{37CBEE08-1470-4C0B-A5F6-DCFCAEDD22B9}.Debug|Any CPU.Build.0 = Debug|Any CPU
		{37CBEE08-1470-4C0B-A5F6-DCFCAEDD22B9}.Release|Any CPU.ActiveCfg = Release|Any CPU
		{37CBEE08-1470-4C0B-A5F6-DCFCAEDD22B9}.Release|Any CPU.Build.0 = Release|Any CPU
		{52C41969-9C9D-4263-8FE7-226FCFBEC16A}.Debug|Any CPU.ActiveCfg = Debug|Any CPU
		{52C41969-9C9D-4263-8FE7-226FCFBEC16A}.Debug|Any CPU.Build.0 = Debug|Any CPU
		{52C41969-9C9D-4263-8FE7-226FCFBEC16A}.Release|Any CPU.ActiveCfg = Release|Any CPU
		{52C41969-9C9D-4263-8FE7-226FCFBEC16A}.Release|Any CPU.Build.0 = Release|Any CPU
		{0AAE5F9B-50F7-4D41-8DCB-220E8C7531C7}.Debug|Any CPU.ActiveCfg = Debug|Any CPU
		{0AAE5F9B-50F7-4D41-8DCB-220E8C7531C7}.Debug|Any CPU.Build.0 = Debug|Any CPU
		{0AAE5F9B-50F7-4D41-8DCB-220E8C7531C7}.Release|Any CPU.ActiveCfg = Release|Any CPU
		{0AAE5F9B-50F7-4D41-8DCB-220E8C7531C7}.Release|Any CPU.Build.0 = Release|Any CPU
		{D15DE82A-BE07-4764-B3CE-3CAD574D906B}.Debug|Any CPU.ActiveCfg = Debug|Any CPU
		{D15DE82A-BE07-4764-B3CE-3CAD574D906B}.Debug|Any CPU.Build.0 = Debug|Any CPU
		{D15DE82A-BE07-4764-B3CE-3CAD574D906B}.Release|Any CPU.ActiveCfg = Release|Any CPU
		{D15DE82A-BE07-4764-B3CE-3CAD574D906B}.Release|Any CPU.Build.0 = Release|Any CPU
		{D7103804-2CB4-4B71-9B90-23C1F2DC9BDC}.Debug|Any CPU.ActiveCfg = Debug|Any CPU
		{D7103804-2CB4-4B71-9B90-23C1F2DC9BDC}.Debug|Any CPU.Build.0 = Debug|Any CPU
		{D7103804-2CB4-4B71-9B90-23C1F2DC9BDC}.Release|Any CPU.ActiveCfg = Release|Any CPU
		{D7103804-2CB4-4B71-9B90-23C1F2DC9BDC}.Release|Any CPU.Build.0 = Release|Any CPU
		{2FEBE788-3ED1-42ED-BD27-157CCF88D752}.Debug|Any CPU.ActiveCfg = Debug|Any CPU
		{2FEBE788-3ED1-42ED-BD27-157CCF88D752}.Debug|Any CPU.Build.0 = Debug|Any CPU
		{2FEBE788-3ED1-42ED-BD27-157CCF88D752}.Release|Any CPU.ActiveCfg = Release|Any CPU
		{2FEBE788-3ED1-42ED-BD27-157CCF88D752}.Release|Any CPU.Build.0 = Release|Any CPU
		{781C2CD4-C187-45C5-8F28-ECD598CB9265}.Debug|Any CPU.ActiveCfg = Debug|Any CPU
		{781C2CD4-C187-45C5-8F28-ECD598CB9265}.Debug|Any CPU.Build.0 = Debug|Any CPU
		{781C2CD4-C187-45C5-8F28-ECD598CB9265}.Release|Any CPU.ActiveCfg = Release|Any CPU
		{781C2CD4-C187-45C5-8F28-ECD598CB9265}.Release|Any CPU.Build.0 = Release|Any CPU
		{55D4FC2F-E776-4888-9421-4BC4CC70634A}.Debug|Any CPU.ActiveCfg = Debug|Any CPU
		{55D4FC2F-E776-4888-9421-4BC4CC70634A}.Debug|Any CPU.Build.0 = Debug|Any CPU
		{55D4FC2F-E776-4888-9421-4BC4CC70634A}.Release|Any CPU.ActiveCfg = Release|Any CPU
		{55D4FC2F-E776-4888-9421-4BC4CC70634A}.Release|Any CPU.Build.0 = Release|Any CPU
		{C4C55E03-92CE-4695-AC10-30417DE081B8}.Debug|Any CPU.ActiveCfg = Debug|Any CPU
		{C4C55E03-92CE-4695-AC10-30417DE081B8}.Debug|Any CPU.Build.0 = Debug|Any CPU
		{C4C55E03-92CE-4695-AC10-30417DE081B8}.Release|Any CPU.ActiveCfg = Release|Any CPU
		{C4C55E03-92CE-4695-AC10-30417DE081B8}.Release|Any CPU.Build.0 = Release|Any CPU
		{A34A7898-629E-4AD5-B398-3B0703685F87}.Debug|Any CPU.ActiveCfg = Debug|Any CPU
		{A34A7898-629E-4AD5-B398-3B0703685F87}.Debug|Any CPU.Build.0 = Debug|Any CPU
		{A34A7898-629E-4AD5-B398-3B0703685F87}.Release|Any CPU.ActiveCfg = Release|Any CPU
		{A34A7898-629E-4AD5-B398-3B0703685F87}.Release|Any CPU.Build.0 = Release|Any CPU
		{A0506E11-8E5E-4CE8-A2C8-75B3A957659B}.Debug|Any CPU.ActiveCfg = Debug|Any CPU
		{A0506E11-8E5E-4CE8-A2C8-75B3A957659B}.Debug|Any CPU.Build.0 = Debug|Any CPU
		{A0506E11-8E5E-4CE8-A2C8-75B3A957659B}.Release|Any CPU.ActiveCfg = Release|Any CPU
		{A0506E11-8E5E-4CE8-A2C8-75B3A957659B}.Release|Any CPU.Build.0 = Release|Any CPU
		{DDD65D59-052B-49C6-B333-9713C2E1CBAB}.Debug|Any CPU.ActiveCfg = Debug|Any CPU
		{DDD65D59-052B-49C6-B333-9713C2E1CBAB}.Debug|Any CPU.Build.0 = Debug|Any CPU
		{DDD65D59-052B-49C6-B333-9713C2E1CBAB}.Release|Any CPU.ActiveCfg = Release|Any CPU
		{DDD65D59-052B-49C6-B333-9713C2E1CBAB}.Release|Any CPU.Build.0 = Release|Any CPU
		{2220994A-02CD-4F07-9A4F-A1E6F87B70CA}.Debug|Any CPU.ActiveCfg = Debug|Any CPU
		{2220994A-02CD-4F07-9A4F-A1E6F87B70CA}.Debug|Any CPU.Build.0 = Debug|Any CPU
		{2220994A-02CD-4F07-9A4F-A1E6F87B70CA}.Release|Any CPU.ActiveCfg = Release|Any CPU
		{2220994A-02CD-4F07-9A4F-A1E6F87B70CA}.Release|Any CPU.Build.0 = Release|Any CPU
		{DC82BE62-3DC2-4E63-84FD-8012D11774B3}.Debug|Any CPU.ActiveCfg = Debug|Any CPU
		{DC82BE62-3DC2-4E63-84FD-8012D11774B3}.Debug|Any CPU.Build.0 = Debug|Any CPU
		{DC82BE62-3DC2-4E63-84FD-8012D11774B3}.Release|Any CPU.ActiveCfg = Release|Any CPU
		{DC82BE62-3DC2-4E63-84FD-8012D11774B3}.Release|Any CPU.Build.0 = Release|Any CPU
		{F318CAFD-985E-4638-9F23-A71C31E5E3A8}.Debug|Any CPU.ActiveCfg = Debug|Any CPU
		{F318CAFD-985E-4638-9F23-A71C31E5E3A8}.Debug|Any CPU.Build.0 = Debug|Any CPU
		{F318CAFD-985E-4638-9F23-A71C31E5E3A8}.Release|Any CPU.ActiveCfg = Release|Any CPU
		{F318CAFD-985E-4638-9F23-A71C31E5E3A8}.Release|Any CPU.Build.0 = Release|Any CPU
		{D2764FE7-8E6B-42CD-B358-1D7B9117B479}.Debug|Any CPU.ActiveCfg = Debug|Any CPU
		{D2764FE7-8E6B-42CD-B358-1D7B9117B479}.Debug|Any CPU.Build.0 = Debug|Any CPU
		{D2764FE7-8E6B-42CD-B358-1D7B9117B479}.Release|Any CPU.ActiveCfg = Release|Any CPU
		{D2764FE7-8E6B-42CD-B358-1D7B9117B479}.Release|Any CPU.Build.0 = Release|Any CPU
	EndGlobalSection
	GlobalSection(SolutionProperties) = preSolution
		HideSolutionNode = FALSE
	EndGlobalSection
	GlobalSection(ExtensibilityGlobals) = postSolution
		SolutionGuid = {3C132CC8-984A-490F-8B20-8FB4D4B4CCBC}
	EndGlobalSection
EndGlobal
